{
  "nodes": {
    "nixpkgs": {
      "locked": {
        "lastModified": 1693236756,
        "narHash": "sha256-oeftJQxOcpJOFQe+9V40K2wOUO86HIxI66s+Hikhz8k=",
        "owner": "katexochen",
        "repo": "nixpkgs",
        "rev": "4fb34506f46c0b035ca813ed475c41c1549fe2fd",
        "type": "github"
      },
      "original": {
        "owner": "katexochen",
        "ref": "working",
        "repo": "nixpkgs",
        "type": "github"
      }
    },
    "root": {
      "inputs": {
        "nixpkgs": "nixpkgs"
      }
    }
  },
  "root": "root",
  "version": 7
}
