{
  "nodes": {
    "nixpkgs": {
      "locked": {
        "lastModified": 1692375086,
        "narHash": "sha256-ZmP3Zyz3QUPu2tPW4/KPJNWCV4FfbVEqq9Gx/o32iw4=",
        "owner": "malt3",
        "repo": "nixpkgs",
        "rev": "5f73d95fe27526346bfeb7d88d080f2539382740",
        "type": "github"
      },
      "original": {
        "owner": "malt3",
        "repo": "nixpkgs",
        "rev": "5f73d95fe27526346bfeb7d88d080f2539382740",
        "type": "github"
      }
    },
    "root": {
      "inputs": {
        "nixpkgs": "nixpkgs"
      }
    }
  },
  "root": "root",
  "version": 7
}
